// !$*UTF8*$!
{
	archiveVersion = 1;
	classes = {
	};
	objectVersion = 46;
	objects = {

/* Begin PBXBuildFile section */
		62BC112A1740FE8E0083FF05 /* AFHTTPClient.m in Sources */ = {isa = PBXBuildFile; fileRef = 62BC11081740FE8E0083FF05 /* AFHTTPClient.m */; settings = {COMPILER_FLAGS = "-fno-objc-arc"; }; };
		62BC112B1740FE8E0083FF05 /* AFHTTPRequestOperation.m in Sources */ = {isa = PBXBuildFile; fileRef = 62BC110A1740FE8E0083FF05 /* AFHTTPRequestOperation.m */; settings = {COMPILER_FLAGS = "-fno-objc-arc"; }; };
		62BC112C1740FE8E0083FF05 /* AFImageRequestOperation.m in Sources */ = {isa = PBXBuildFile; fileRef = 62BC110C1740FE8E0083FF05 /* AFImageRequestOperation.m */; settings = {COMPILER_FLAGS = "-fno-objc-arc"; }; };
		62BC112D1740FE8E0083FF05 /* AFJSONRequestOperation.m in Sources */ = {isa = PBXBuildFile; fileRef = 62BC110E1740FE8E0083FF05 /* AFJSONRequestOperation.m */; settings = {COMPILER_FLAGS = "-fno-objc-arc"; }; };
		62BC112E1740FE8E0083FF05 /* AFJSONUtilities.m in Sources */ = {isa = PBXBuildFile; fileRef = 62BC11101740FE8E0083FF05 /* AFJSONUtilities.m */; settings = {COMPILER_FLAGS = "-fno-objc-arc"; }; };
		62BC112F1740FE8E0083FF05 /* AFNetworkActivityIndicatorManager.m in Sources */ = {isa = PBXBuildFile; fileRef = 62BC11121740FE8E0083FF05 /* AFNetworkActivityIndicatorManager.m */; settings = {COMPILER_FLAGS = "-fno-objc-arc"; }; };
		62BC11301740FE8E0083FF05 /* AFPropertyListRequestOperation.m in Sources */ = {isa = PBXBuildFile; fileRef = 62BC11151740FE8E0083FF05 /* AFPropertyListRequestOperation.m */; settings = {COMPILER_FLAGS = "-fno-objc-arc"; }; };
		62BC11311740FE8E0083FF05 /* AFURLConnectionOperation.m in Sources */ = {isa = PBXBuildFile; fileRef = 62BC11171740FE8E0083FF05 /* AFURLConnectionOperation.m */; settings = {COMPILER_FLAGS = "-fno-objc-arc"; }; };
		62BC11321740FE8E0083FF05 /* AFXMLRequestOperation.m in Sources */ = {isa = PBXBuildFile; fileRef = 62BC11191740FE8E0083FF05 /* AFXMLRequestOperation.m */; settings = {COMPILER_FLAGS = "-fno-objc-arc"; }; };
		62BC11331740FE8E0083FF05 /* UIImageView+AFNetworking.m in Sources */ = {isa = PBXBuildFile; fileRef = 62BC111B1740FE8E0083FF05 /* UIImageView+AFNetworking.m */; settings = {COMPILER_FLAGS = "-fno-objc-arc"; }; };
		62BC11341740FE8E0083FF05 /* AppDelegate.m in Sources */ = {isa = PBXBuildFile; fileRef = 62BC111D1740FE8E0083FF05 /* AppDelegate.m */; };
		62BC11351740FE8E0083FF05 /* InfoPlist.strings in Resources */ = {isa = PBXBuildFile; fileRef = 62BC111F1740FE8E0083FF05 /* InfoPlist.strings */; };
		62BC11371740FE8E0083FF05 /* ic_launcher.png in Resources */ = {isa = PBXBuildFile; fileRef = 62BC11241740FE8E0083FF05 /* ic_launcher.png */; };
		62BC11381740FE8E0083FF05 /* Loppemarkeder.plist in Resources */ = {isa = PBXBuildFile; fileRef = 62BC11261740FE8E0083FF05 /* Loppemarkeder.plist */; };
		62BC11391740FE8E0083FF05 /* main.m in Sources */ = {isa = PBXBuildFile; fileRef = 62BC11271740FE8E0083FF05 /* main.m */; };
		62BC113A1740FE8E0083FF05 /* ViewController.m in Sources */ = {isa = PBXBuildFile; fileRef = 62BC11291740FE8E0083FF05 /* ViewController.m */; };
		62BD45E01741016200E73895 /* ViewController.xib in Resources */ = {isa = PBXBuildFile; fileRef = 62BD45DF1741016200E73895 /* ViewController.xib */; };
		62BD45E517411F8600E73895 /* viewMarketMap.xib in Resources */ = {isa = PBXBuildFile; fileRef = 62BD45E417411F8600E73895 /* viewMarketMap.xib */; };
		62BD45E81741206200E73895 /* MyCLController.m in Sources */ = {isa = PBXBuildFile; fileRef = 62BD45E71741206200E73895 /* MyCLController.m */; };
		62BD45EB174120E100E73895 /* ViewMarketMap.m in Sources */ = {isa = PBXBuildFile; fileRef = 62BD45EA174120E100E73895 /* ViewMarketMap.m */; };
		62BD45EE1741220E00E73895 /* CoreLocation.framework in Frameworks */ = {isa = PBXBuildFile; fileRef = 62BD45ED1741220E00E73895 /* CoreLocation.framework */; };
		62BD45F11741240E00E73895 /* MarketPlace.m in Sources */ = {isa = PBXBuildFile; fileRef = 62BD45F01741240E00E73895 /* MarketPlace.m */; };
		62BD45F41741243E00E73895 /* AnnotationView.m in Sources */ = {isa = PBXBuildFile; fileRef = 62BD45F31741243E00E73895 /* AnnotationView.m */; };
		62BD45F61741249500E73895 /* MapKit.framework in Frameworks */ = {isa = PBXBuildFile; fileRef = 62BD45F51741249500E73895 /* MapKit.framework */; };
		8382D681155AE229001541B2 /* UIKit.framework in Frameworks */ = {isa = PBXBuildFile; fileRef = 8382D680155AE229001541B2 /* UIKit.framework */; };
		8382D683155AE229001541B2 /* Foundation.framework in Frameworks */ = {isa = PBXBuildFile; fileRef = 8382D682155AE229001541B2 /* Foundation.framework */; };
		8382D685155AE229001541B2 /* CoreGraphics.framework in Frameworks */ = {isa = PBXBuildFile; fileRef = 8382D684155AE229001541B2 /* CoreGraphics.framework */; };
/* End PBXBuildFile section */

/* Begin PBXFileReference section */
		62BC11071740FE8E0083FF05 /* AFHTTPClient.h */ = {isa = PBXFileReference; fileEncoding = 4; lastKnownFileType = sourcecode.c.h; path = AFHTTPClient.h; sourceTree = "<group>"; };
		62BC11081740FE8E0083FF05 /* AFHTTPClient.m */ = {isa = PBXFileReference; fileEncoding = 4; lastKnownFileType = sourcecode.c.objc; path = AFHTTPClient.m; sourceTree = "<group>"; };
		62BC11091740FE8E0083FF05 /* AFHTTPRequestOperation.h */ = {isa = PBXFileReference; fileEncoding = 4; lastKnownFileType = sourcecode.c.h; path = AFHTTPRequestOperation.h; sourceTree = "<group>"; };
		62BC110A1740FE8E0083FF05 /* AFHTTPRequestOperation.m */ = {isa = PBXFileReference; fileEncoding = 4; lastKnownFileType = sourcecode.c.objc; path = AFHTTPRequestOperation.m; sourceTree = "<group>"; };
		62BC110B1740FE8E0083FF05 /* AFImageRequestOperation.h */ = {isa = PBXFileReference; fileEncoding = 4; lastKnownFileType = sourcecode.c.h; path = AFImageRequestOperation.h; sourceTree = "<group>"; };
		62BC110C1740FE8E0083FF05 /* AFImageRequestOperation.m */ = {isa = PBXFileReference; fileEncoding = 4; lastKnownFileType = sourcecode.c.objc; path = AFImageRequestOperation.m; sourceTree = "<group>"; };
		62BC110D1740FE8E0083FF05 /* AFJSONRequestOperation.h */ = {isa = PBXFileReference; fileEncoding = 4; lastKnownFileType = sourcecode.c.h; path = AFJSONRequestOperation.h; sourceTree = "<group>"; };
		62BC110E1740FE8E0083FF05 /* AFJSONRequestOperation.m */ = {isa = PBXFileReference; fileEncoding = 4; lastKnownFileType = sourcecode.c.objc; path = AFJSONRequestOperation.m; sourceTree = "<group>"; };
		62BC110F1740FE8E0083FF05 /* AFJSONUtilities.h */ = {isa = PBXFileReference; fileEncoding = 4; lastKnownFileType = sourcecode.c.h; path = AFJSONUtilities.h; sourceTree = "<group>"; };
		62BC11101740FE8E0083FF05 /* AFJSONUtilities.m */ = {isa = PBXFileReference; fileEncoding = 4; lastKnownFileType = sourcecode.c.objc; path = AFJSONUtilities.m; sourceTree = "<group>"; };
		62BC11111740FE8E0083FF05 /* AFNetworkActivityIndicatorManager.h */ = {isa = PBXFileReference; fileEncoding = 4; lastKnownFileType = sourcecode.c.h; path = AFNetworkActivityIndicatorManager.h; sourceTree = "<group>"; };
		62BC11121740FE8E0083FF05 /* AFNetworkActivityIndicatorManager.m */ = {isa = PBXFileReference; fileEncoding = 4; lastKnownFileType = sourcecode.c.objc; path = AFNetworkActivityIndicatorManager.m; sourceTree = "<group>"; };
		62BC11131740FE8E0083FF05 /* AFNetworking.h */ = {isa = PBXFileReference; fileEncoding = 4; lastKnownFileType = sourcecode.c.h; path = AFNetworking.h; sourceTree = "<group>"; };
		62BC11141740FE8E0083FF05 /* AFPropertyListRequestOperation.h */ = {isa = PBXFileReference; fileEncoding = 4; lastKnownFileType = sourcecode.c.h; path = AFPropertyListRequestOperation.h; sourceTree = "<group>"; };
		62BC11151740FE8E0083FF05 /* AFPropertyListRequestOperation.m */ = {isa = PBXFileReference; fileEncoding = 4; lastKnownFileType = sourcecode.c.objc; path = AFPropertyListRequestOperation.m; sourceTree = "<group>"; };
		62BC11161740FE8E0083FF05 /* AFURLConnectionOperation.h */ = {isa = PBXFileReference; fileEncoding = 4; lastKnownFileType = sourcecode.c.h; path = AFURLConnectionOperation.h; sourceTree = "<group>"; };
		62BC11171740FE8E0083FF05 /* AFURLConnectionOperation.m */ = {isa = PBXFileReference; fileEncoding = 4; lastKnownFileType = sourcecode.c.objc; path = AFURLConnectionOperation.m; sourceTree = "<group>"; };
		62BC11181740FE8E0083FF05 /* AFXMLRequestOperation.h */ = {isa = PBXFileReference; fileEncoding = 4; lastKnownFileType = sourcecode.c.h; path = AFXMLRequestOperation.h; sourceTree = "<group>"; };
		62BC11191740FE8E0083FF05 /* AFXMLRequestOperation.m */ = {isa = PBXFileReference; fileEncoding = 4; lastKnownFileType = sourcecode.c.objc; path = AFXMLRequestOperation.m; sourceTree = "<group>"; };
		62BC111A1740FE8E0083FF05 /* UIImageView+AFNetworking.h */ = {isa = PBXFileReference; fileEncoding = 4; lastKnownFileType = sourcecode.c.h; path = "UIImageView+AFNetworking.h"; sourceTree = "<group>"; };
		62BC111B1740FE8E0083FF05 /* UIImageView+AFNetworking.m */ = {isa = PBXFileReference; fileEncoding = 4; lastKnownFileType = sourcecode.c.objc; path = "UIImageView+AFNetworking.m"; sourceTree = "<group>"; };
		62BC111C1740FE8E0083FF05 /* AppDelegate.h */ = {isa = PBXFileReference; fileEncoding = 4; lastKnownFileType = sourcecode.c.h; name = AppDelegate.h; path = Loppemarkeder/AppDelegate.h; sourceTree = SOURCE_ROOT; };
		62BC111D1740FE8E0083FF05 /* AppDelegate.m */ = {isa = PBXFileReference; fileEncoding = 4; lastKnownFileType = sourcecode.c.objc; name = AppDelegate.m; path = Loppemarkeder/AppDelegate.m; sourceTree = SOURCE_ROOT; };
		62BC11201740FE8E0083FF05 /* en */ = {isa = PBXFileReference; lastKnownFileType = text.plist.strings; name = en; path = InfoPlist.strings; sourceTree = "<group>"; };
		62BC11241740FE8E0083FF05 /* ic_launcher.png */ = {isa = PBXFileReference; lastKnownFileType = image.png; path = ic_launcher.png; sourceTree = "<group>"; };
		62BC11251740FE8E0083FF05 /* Loppemarkeder-Prefix.pch */ = {isa = PBXFileReference; fileEncoding = 4; lastKnownFileType = sourcecode.c.h; name = "Loppemarkeder-Prefix.pch"; path = "Loppemarkeder/Loppemarkeder-Prefix.pch"; sourceTree = SOURCE_ROOT; };
		62BC11261740FE8E0083FF05 /* Loppemarkeder.plist */ = {isa = PBXFileReference; fileEncoding = 4; lastKnownFileType = text.plist.xml; name = Loppemarkeder.plist; path = Loppemarkeder/Loppemarkeder.plist; sourceTree = SOURCE_ROOT; };
		62BC11271740FE8E0083FF05 /* main.m */ = {isa = PBXFileReference; fileEncoding = 4; lastKnownFileType = sourcecode.c.objc; name = main.m; path = Loppemarkeder/main.m; sourceTree = SOURCE_ROOT; };
		62BC11281740FE8E0083FF05 /* ViewController.h */ = {isa = PBXFileReference; fileEncoding = 4; lastKnownFileType = sourcecode.c.h; name = ViewController.h; path = Loppemarkeder/ViewController.h; sourceTree = SOURCE_ROOT; };
		62BC11291740FE8E0083FF05 /* ViewController.m */ = {isa = PBXFileReference; fileEncoding = 4; lastKnownFileType = sourcecode.c.objc; name = ViewController.m; path = Loppemarkeder/ViewController.m; sourceTree = SOURCE_ROOT; };
		62BD45DF1741016200E73895 /* ViewController.xib */ = {isa = PBXFileReference; fileEncoding = 4; lastKnownFileType = file.xib; name = ViewController.xib; path = Loppemarkeder/ViewController.xib; sourceTree = SOURCE_ROOT; };
		62BD45E417411F8600E73895 /* viewMarketMap.xib */ = {isa = PBXFileReference; fileEncoding = 4; lastKnownFileType = file.xib; path = viewMarketMap.xib; sourceTree = SOURCE_ROOT; };
		62BD45E61741206200E73895 /* MyCLController.h */ = {isa = PBXFileReference; fileEncoding = 4; lastKnownFileType = sourcecode.c.h; name = MyCLController.h; path = Loppemarkeder/MyCLController.h; sourceTree = SOURCE_ROOT; };
		62BD45E71741206200E73895 /* MyCLController.m */ = {isa = PBXFileReference; fileEncoding = 4; lastKnownFileType = sourcecode.c.objc; name = MyCLController.m; path = Loppemarkeder/MyCLController.m; sourceTree = SOURCE_ROOT; };
		62BD45E9174120E100E73895 /* ViewMarketMap.h */ = {isa = PBXFileReference; fileEncoding = 4; lastKnownFileType = sourcecode.c.h; name = ViewMarketMap.h; path = Loppemarkeder/ViewMarketMap.h; sourceTree = SOURCE_ROOT; };
		62BD45EA174120E100E73895 /* ViewMarketMap.m */ = {isa = PBXFileReference; fileEncoding = 4; lastKnownFileType = sourcecode.c.objc; name = ViewMarketMap.m; path = Loppemarkeder/ViewMarketMap.m; sourceTree = SOURCE_ROOT; };
		62BD45ED1741220E00E73895 /* CoreLocation.framework */ = {isa = PBXFileReference; lastKnownFileType = wrapper.framework; name = CoreLocation.framework; path = System/Library/Frameworks/CoreLocation.framework; sourceTree = SDKROOT; };
		62BD45EF1741240E00E73895 /* MarketPlace.h */ = {isa = PBXFileReference; fileEncoding = 4; lastKnownFileType = sourcecode.c.h; name = MarketPlace.h; path = Loppemarkeder/MarketPlace.h; sourceTree = SOURCE_ROOT; };
		62BD45F01741240E00E73895 /* MarketPlace.m */ = {isa = PBXFileReference; fileEncoding = 4; lastKnownFileType = sourcecode.c.objc; name = MarketPlace.m; path = Loppemarkeder/MarketPlace.m; sourceTree = SOURCE_ROOT; };
		62BD45F21741243E00E73895 /* AnnotationView.h */ = {isa = PBXFileReference; fileEncoding = 4; lastKnownFileType = sourcecode.c.h; name = AnnotationView.h; path = Loppemarkeder/AnnotationView.h; sourceTree = SOURCE_ROOT; };
		62BD45F31741243E00E73895 /* AnnotationView.m */ = {isa = PBXFileReference; fileEncoding = 4; lastKnownFileType = sourcecode.c.objc; name = AnnotationView.m; path = Loppemarkeder/AnnotationView.m; sourceTree = SOURCE_ROOT; };
		62BD45F51741249500E73895 /* MapKit.framework */ = {isa = PBXFileReference; lastKnownFileType = wrapper.framework; name = MapKit.framework; path = System/Library/Frameworks/MapKit.framework; sourceTree = SDKROOT; };
		8382D67C155AE229001541B2 /* Loppemarkeder.app */ = {isa = PBXFileReference; explicitFileType = wrapper.application; includeInIndex = 0; path = Loppemarkeder.app; sourceTree = BUILT_PRODUCTS_DIR; };
		8382D680155AE229001541B2 /* UIKit.framework */ = {isa = PBXFileReference; lastKnownFileType = wrapper.framework; name = UIKit.framework; path = System/Library/Frameworks/UIKit.framework; sourceTree = SDKROOT; };
		8382D682155AE229001541B2 /* Foundation.framework */ = {isa = PBXFileReference; lastKnownFileType = wrapper.framework; name = Foundation.framework; path = System/Library/Frameworks/Foundation.framework; sourceTree = SDKROOT; };
		8382D684155AE229001541B2 /* CoreGraphics.framework */ = {isa = PBXFileReference; lastKnownFileType = wrapper.framework; name = CoreGraphics.framework; path = System/Library/Frameworks/CoreGraphics.framework; sourceTree = SDKROOT; };
/* End PBXFileReference section */

/* Begin PBXFrameworksBuildPhase section */
		8382D679155AE229001541B2 /* Frameworks */ = {
			isa = PBXFrameworksBuildPhase;
			buildActionMask = 2147483647;
			files = (
				62BD45F61741249500E73895 /* MapKit.framework in Frameworks */,
				62BD45EE1741220E00E73895 /* CoreLocation.framework in Frameworks */,
				8382D681155AE229001541B2 /* UIKit.framework in Frameworks */,
				8382D683155AE229001541B2 /* Foundation.framework in Frameworks */,
				8382D685155AE229001541B2 /* CoreGraphics.framework in Frameworks */,
			);
			runOnlyForDeploymentPostprocessing = 0;
		};
/* End PBXFrameworksBuildPhase section */

/* Begin PBXGroup section */
		62BC11061740FE8E0083FF05 /* AFNetworking */ = {
			isa = PBXGroup;
			children = (
				62BC11071740FE8E0083FF05 /* AFHTTPClient.h */,
				62BC11081740FE8E0083FF05 /* AFHTTPClient.m */,
				62BC11091740FE8E0083FF05 /* AFHTTPRequestOperation.h */,
				62BC110A1740FE8E0083FF05 /* AFHTTPRequestOperation.m */,
				62BC110B1740FE8E0083FF05 /* AFImageRequestOperation.h */,
				62BC110C1740FE8E0083FF05 /* AFImageRequestOperation.m */,
				62BC110D1740FE8E0083FF05 /* AFJSONRequestOperation.h */,
				62BC110E1740FE8E0083FF05 /* AFJSONRequestOperation.m */,
				62BC110F1740FE8E0083FF05 /* AFJSONUtilities.h */,
				62BC11101740FE8E0083FF05 /* AFJSONUtilities.m */,
				62BC11111740FE8E0083FF05 /* AFNetworkActivityIndicatorManager.h */,
				62BC11121740FE8E0083FF05 /* AFNetworkActivityIndicatorManager.m */,
				62BC11131740FE8E0083FF05 /* AFNetworking.h */,
				62BC11141740FE8E0083FF05 /* AFPropertyListRequestOperation.h */,
				62BC11151740FE8E0083FF05 /* AFPropertyListRequestOperation.m */,
				62BC11161740FE8E0083FF05 /* AFURLConnectionOperation.h */,
				62BC11171740FE8E0083FF05 /* AFURLConnectionOperation.m */,
				62BC11181740FE8E0083FF05 /* AFXMLRequestOperation.h */,
				62BC11191740FE8E0083FF05 /* AFXMLRequestOperation.m */,
				62BC111A1740FE8E0083FF05 /* UIImageView+AFNetworking.h */,
				62BC111B1740FE8E0083FF05 /* UIImageView+AFNetworking.m */,
			);
			name = AFNetworking;
			path = Loppemarkeder/AFNetworking;
			sourceTree = SOURCE_ROOT;
		};
		62BC111E1740FE8E0083FF05 /* en.lproj */ = {
			isa = PBXGroup;
			children = (
				62BC111F1740FE8E0083FF05 /* InfoPlist.strings */,
			);
			name = en.lproj;
			path = Loppemarkeder/en.lproj;
			sourceTree = SOURCE_ROOT;
		};
		62BC11231740FE8E0083FF05 /* images */ = {
			isa = PBXGroup;
			children = (
				62BC11241740FE8E0083FF05 /* ic_launcher.png */,
			);
			name = images;
			path = Loppemarkeder/images;
			sourceTree = SOURCE_ROOT;
		};
		62BD45EC1741215700E73895 /* Xib */ = {
			isa = PBXGroup;
			children = (
				62BD45DF1741016200E73895 /* ViewController.xib */,
				62BD45E417411F8600E73895 /* viewMarketMap.xib */,
			);
			name = Xib;
			sourceTree = "<group>";
		};
		62BD45F71741257100E73895 /* Map */ = {
			isa = PBXGroup;
			children = (
				62BD45F21741243E00E73895 /* AnnotationView.h */,
				62BD45F31741243E00E73895 /* AnnotationView.m */,
				62BD45EF1741240E00E73895 /* MarketPlace.h */,
				62BD45E9174120E100E73895 /* ViewMarketMap.h */,
				62BD45EA174120E100E73895 /* ViewMarketMap.m */,
				62BD45E61741206200E73895 /* MyCLController.h */,
				62BD45E71741206200E73895 /* MyCLController.m */,
				62BD45F01741240E00E73895 /* MarketPlace.m */,
			);
			name = Map;
			sourceTree = "<group>";
		};
		8382D671155AE229001541B2 = {
			isa = PBXGroup;
			children = (
				62BD45F51741249500E73895 /* MapKit.framework */,
				62BD45ED1741220E00E73895 /* CoreLocation.framework */,
				8382D686155AE229001541B2 /* Loppemarkeder */,
				8382D67F155AE229001541B2 /* Frameworks */,
				8382D67D155AE229001541B2 /* Products */,
			);
			sourceTree = "<group>";
		};
		8382D67D155AE229001541B2 /* Products */ = {
			isa = PBXGroup;
			children = (
				8382D67C155AE229001541B2 /* Loppemarkeder.app */,
			);
			name = Products;
			sourceTree = "<group>";
		};
		8382D67F155AE229001541B2 /* Frameworks */ = {
			isa = PBXGroup;
			children = (
				8382D680155AE229001541B2 /* UIKit.framework */,
				8382D682155AE229001541B2 /* Foundation.framework */,
				8382D684155AE229001541B2 /* CoreGraphics.framework */,
			);
			name = Frameworks;
			sourceTree = "<group>";
		};
		8382D686155AE229001541B2 /* Loppemarkeder */ = {
			isa = PBXGroup;
			children = (
				62BC11061740FE8E0083FF05 /* AFNetworking */,
				62BD45F71741257100E73895 /* Map */,
				62BC11231740FE8E0083FF05 /* images */,
				62BD45EC1741215700E73895 /* Xib */,
				62BC11281740FE8E0083FF05 /* ViewController.h */,
				62BC11291740FE8E0083FF05 /* ViewController.m */,
				62BC111C1740FE8E0083FF05 /* AppDelegate.h */,
				62BC111D1740FE8E0083FF05 /* AppDelegate.m */,
				8382D687155AE229001541B2 /* Supporting Files */,
			);
			name = Loppemarkeder;
			path = NetworkingIsFun;
			sourceTree = "<group>";
		};
		8382D687155AE229001541B2 /* Supporting Files */ = {
			isa = PBXGroup;
			children = (
				62BC111E1740FE8E0083FF05 /* en.lproj */,
				62BC11251740FE8E0083FF05 /* Loppemarkeder-Prefix.pch */,
				62BC11261740FE8E0083FF05 /* Loppemarkeder.plist */,
				62BC11271740FE8E0083FF05 /* main.m */,
			);
			name = "Supporting Files";
			sourceTree = "<group>";
		};
/* End PBXGroup section */

/* Begin PBXNativeTarget section */
		8382D67B155AE229001541B2 /* Loppemarkeder */ = {
			isa = PBXNativeTarget;
			buildConfigurationList = 8382D69A155AE229001541B2 /* Build configuration list for PBXNativeTarget "Loppemarkeder" */;
			buildPhases = (
				8382D678155AE229001541B2 /* Sources */,
				8382D679155AE229001541B2 /* Frameworks */,
				8382D67A155AE229001541B2 /* Resources */,
			);
			buildRules = (
			);
			dependencies = (
			);
			name = Loppemarkeder;
			productName = NetworkingIsFun;
			productReference = 8382D67C155AE229001541B2 /* Loppemarkeder.app */;
			productType = "com.apple.product-type.application";
		};
/* End PBXNativeTarget section */

/* Begin PBXProject section */
		8382D673155AE229001541B2 /* Project object */ = {
			isa = PBXProject;
			attributes = {
				LastUpgradeCheck = 0430;
			};
			buildConfigurationList = 8382D676155AE229001541B2 /* Build configuration list for PBXProject "Loppemarkeder" */;
			compatibilityVersion = "Xcode 3.2";
			developmentRegion = English;
			hasScannedForEncodings = 0;
			knownRegions = (
				en,
			);
			mainGroup = 8382D671155AE229001541B2;
			productRefGroup = 8382D67D155AE229001541B2 /* Products */;
			projectDirPath = "";
			projectRoot = "";
			targets = (
				8382D67B155AE229001541B2 /* Loppemarkeder */,
			);
		};
/* End PBXProject section */

/* Begin PBXResourcesBuildPhase section */
		8382D67A155AE229001541B2 /* Resources */ = {
			isa = PBXResourcesBuildPhase;
			buildActionMask = 2147483647;
			files = (
				62BC11351740FE8E0083FF05 /* InfoPlist.strings in Resources */,
				62BC11371740FE8E0083FF05 /* ic_launcher.png in Resources */,
				62BC11381740FE8E0083FF05 /* Loppemarkeder.plist in Resources */,
				62BD45E01741016200E73895 /* ViewController.xib in Resources */,
				62BD45E517411F8600E73895 /* viewMarketMap.xib in Resources */,
			);
			runOnlyForDeploymentPostprocessing = 0;
		};
/* End PBXResourcesBuildPhase section */

/* Begin PBXSourcesBuildPhase section */
		8382D678155AE229001541B2 /* Sources */ = {
			isa = PBXSourcesBuildPhase;
			buildActionMask = 2147483647;
			files = (
				62BC112A1740FE8E0083FF05 /* AFHTTPClient.m in Sources */,
				62BC112B1740FE8E0083FF05 /* AFHTTPRequestOperation.m in Sources */,
				62BC112C1740FE8E0083FF05 /* AFImageRequestOperation.m in Sources */,
				62BC112D1740FE8E0083FF05 /* AFJSONRequestOperation.m in Sources */,
				62BC112E1740FE8E0083FF05 /* AFJSONUtilities.m in Sources */,
				62BC112F1740FE8E0083FF05 /* AFNetworkActivityIndicatorManager.m in Sources */,
				62BC11301740FE8E0083FF05 /* AFPropertyListRequestOperation.m in Sources */,
				62BC11311740FE8E0083FF05 /* AFURLConnectionOperation.m in Sources */,
				62BC11321740FE8E0083FF05 /* AFXMLRequestOperation.m in Sources */,
				62BC11331740FE8E0083FF05 /* UIImageView+AFNetworking.m in Sources */,
				62BC11341740FE8E0083FF05 /* AppDelegate.m in Sources */,
				62BC11391740FE8E0083FF05 /* main.m in Sources */,
				62BC113A1740FE8E0083FF05 /* ViewController.m in Sources */,
				62BD45E81741206200E73895 /* MyCLController.m in Sources */,
				62BD45EB174120E100E73895 /* ViewMarketMap.m in Sources */,
				62BD45F11741240E00E73895 /* MarketPlace.m in Sources */,
				62BD45F41741243E00E73895 /* AnnotationView.m in Sources */,
			);
			runOnlyForDeploymentPostprocessing = 0;
		};
/* End PBXSourcesBuildPhase section */

/* Begin PBXVariantGroup section */
		62BC111F1740FE8E0083FF05 /* InfoPlist.strings */ = {
			isa = PBXVariantGroup;
			children = (
				62BC11201740FE8E0083FF05 /* en */,
			);
			name = InfoPlist.strings;
			sourceTree = "<group>";
		};
/* End PBXVariantGroup section */

/* Begin XCBuildConfiguration section */
		8382D698155AE229001541B2 /* Debug */ = {
			isa = XCBuildConfiguration;
			buildSettings = {
				ALWAYS_SEARCH_USER_PATHS = NO;
				ARCHS = "$(ARCHS_STANDARD_32_BIT)";
				CLANG_ENABLE_OBJC_ARC = YES;
				"CODE_SIGN_IDENTITY[sdk=iphoneos*]" = "iPhone Developer";
				COPY_PHASE_STRIP = NO;
				GCC_C_LANGUAGE_STANDARD = gnu99;
				GCC_DYNAMIC_NO_PIC = NO;
				GCC_OPTIMIZATION_LEVEL = 0;
				GCC_PREPROCESSOR_DEFINITIONS = (
					"DEBUG=1",
					"$(inherited)",
				);
				GCC_SYMBOLS_PRIVATE_EXTERN = NO;
				GCC_VERSION = com.apple.compilers.llvm.clang.1_0;
				GCC_WARN_ABOUT_RETURN_TYPE = YES;
				GCC_WARN_UNINITIALIZED_AUTOS = YES;
				GCC_WARN_UNUSED_VARIABLE = YES;
				IPHONEOS_DEPLOYMENT_TARGET = 6.1;
				SDKROOT = iphoneos;
			};
			name = Debug;
		};
		8382D699155AE229001541B2 /* Release */ = {
			isa = XCBuildConfiguration;
			buildSettings = {
				ALWAYS_SEARCH_USER_PATHS = NO;
				ARCHS = "$(ARCHS_STANDARD_32_BIT)";
				CLANG_ENABLE_OBJC_ARC = YES;
				"CODE_SIGN_IDENTITY[sdk=iphoneos*]" = "iPhone Developer";
				COPY_PHASE_STRIP = YES;
				GCC_C_LANGUAGE_STANDARD = gnu99;
				GCC_VERSION = com.apple.compilers.llvm.clang.1_0;
				GCC_WARN_ABOUT_RETURN_TYPE = YES;
				GCC_WARN_UNINITIALIZED_AUTOS = YES;
				GCC_WARN_UNUSED_VARIABLE = YES;
				IPHONEOS_DEPLOYMENT_TARGET = 6.1;
				OTHER_CFLAGS = "-DNS_BLOCK_ASSERTIONS=1";
				SDKROOT = iphoneos;
				VALIDATE_PRODUCT = YES;
			};
			name = Release;
		};
		8382D69B155AE229001541B2 /* Debug */ = {
			isa = XCBuildConfiguration;
			buildSettings = {
				GCC_PRECOMPILE_PREFIX_HEADER = YES;
				GCC_PREFIX_HEADER = "Loppemarkeder/Loppemarkeder-Prefix.pch";
				INFOPLIST_FILE = Loppemarkeder/Loppemarkeder.plist;
				IPHONEOS_DEPLOYMENT_TARGET = 6.1;
				PRODUCT_NAME = Loppemarkeder;
				WRAPPER_EXTENSION = app;
			};
			name = Debug;
		};
		8382D69C155AE229001541B2 /* Release */ = {
			isa = XCBuildConfiguration;
			buildSettings = {
				GCC_PRECOMPILE_PREFIX_HEADER = YES;
				GCC_PREFIX_HEADER = "Loppemarkeder/Loppemarkeder-Prefix.pch";
				INFOPLIST_FILE = Loppemarkeder/Loppemarkeder.plist;
				IPHONEOS_DEPLOYMENT_TARGET = 6.1;
				PRODUCT_NAME = Loppemarkeder;
				WRAPPER_EXTENSION = app;
			};
			name = Release;
		};
/* End XCBuildConfiguration section */

/* Begin XCConfigurationList section */
		8382D676155AE229001541B2 /* Build configuration list for PBXProject "Loppemarkeder" */ = {
			isa = XCConfigurationList;
			buildConfigurations = (
				8382D698155AE229001541B2 /* Debug */,
				8382D699155AE229001541B2 /* Release */,
			);
			defaultConfigurationIsVisible = 0;
			defaultConfigurationName = Release;
		};
		8382D69A155AE229001541B2 /* Build configuration list for PBXNativeTarget "Loppemarkeder" */ = {
			isa = XCConfigurationList;
			buildConfigurations = (
				8382D69B155AE229001541B2 /* Debug */,
				8382D69C155AE229001541B2 /* Release */,
			);
			defaultConfigurationIsVisible = 0;
			defaultConfigurationName = Release;
		};
/* End XCConfigurationList section */
	};
	rootObject = 8382D673155AE229001541B2 /* Project object */;
}
