// !$*UTF8*$!
{
	archiveVersion = 1;
	classes = {
	};
	objectVersion = 46;
	objects = {

/* Begin PBXBuildFile section */
		0B5E12281748120200BBD2F6 /* AboutLoppeMarked.xib in Resources */ = {isa = PBXBuildFile; fileRef = 0B5E12271748120200BBD2F6 /* AboutLoppeMarked.xib */; };
		0B5E122B174813E900BBD2F6 /* AboutLoppeMarkedViewController.m in Sources */ = {isa = PBXBuildFile; fileRef = 0B5E122A174813E900BBD2F6 /* AboutLoppeMarkedViewController.m */; };
		0B5E122D174818B900BBD2F6 /* AboutApp.xib in Resources */ = {isa = PBXBuildFile; fileRef = 0B5E122C174818B800BBD2F6 /* AboutApp.xib */; };
		0B5E12301748199900BBD2F6 /* AboutAppViewController.m in Sources */ = {isa = PBXBuildFile; fileRef = 0B5E122F1748199900BBD2F6 /* AboutAppViewController.m */; };
		0B9EF2A1175374450021D414 /* btn.png in Resources */ = {isa = PBXBuildFile; fileRef = 0B9EF29F175374450021D414 /* btn.png */; };
		0B9EF2A2175374450021D414 /* btn@2x.png in Resources */ = {isa = PBXBuildFile; fileRef = 0B9EF2A0175374450021D414 /* btn@2x.png */; };
		0BF43E59174FFCC60099A343 /* Default-568h@2x.png in Resources */ = {isa = PBXBuildFile; fileRef = 0BF43E57174FFCC60099A343 /* Default-568h@2x.png */; };
		0BF43E5A174FFCC60099A343 /* menuNavi.xib in Resources */ = {isa = PBXBuildFile; fileRef = 0BF43E58174FFCC60099A343 /* menuNavi.xib */; };
		624D910D1742469500044005 /* AppDataCache.m in Sources */ = {isa = PBXBuildFile; fileRef = 624D910C1742469500044005 /* AppDataCache.m */; };
		624D911117427D0B00044005 /* DetailViewController.m in Sources */ = {isa = PBXBuildFile; fileRef = 624D911017427D0B00044005 /* DetailViewController.m */; };
		624D911917427E1C00044005 /* CustomAnnotationView.m in Sources */ = {isa = PBXBuildFile; fileRef = 624D911517427E1B00044005 /* CustomAnnotationView.m */; };
		624D911A17427E1C00044005 /* CustomMapItem.m in Sources */ = {isa = PBXBuildFile; fileRef = 624D911717427E1C00044005 /* CustomMapItem.m */; };
		624D912017427E8300044005 /* DetailViewController.xib in Resources */ = {isa = PBXBuildFile; fileRef = 624D911E17427E8300044005 /* DetailViewController.xib */; };
		624D912117427E8300044005 /* MapViewController.xib in Resources */ = {isa = PBXBuildFile; fileRef = 624D911F17427E8300044005 /* MapViewController.xib */; };
		624D916E1742C3E300044005 /* ic_i_naerheden.png in Resources */ = {isa = PBXBuildFile; fileRef = 624D916A1742C3E300044005 /* ic_i_naerheden.png */; };
		624D916F1742C3E300044005 /* ic_liste.png in Resources */ = {isa = PBXBuildFile; fileRef = 624D916B1742C3E300044005 /* ic_liste.png */; };
		624D91701742C3E300044005 /* ic_om_app.png in Resources */ = {isa = PBXBuildFile; fileRef = 624D916C1742C3E300044005 /* ic_om_app.png */; };
		624D91711742C3E300044005 /* ic_om_markeder.png in Resources */ = {isa = PBXBuildFile; fileRef = 624D916D1742C3E300044005 /* ic_om_markeder.png */; };
		624D91741742C56500044005 /* MenuNavigationViewController.m in Sources */ = {isa = PBXBuildFile; fileRef = 624D91731742C56400044005 /* MenuNavigationViewController.m */; };
		62BC112A1740FE8E0083FF05 /* AFHTTPClient.m in Sources */ = {isa = PBXBuildFile; fileRef = 62BC11081740FE8E0083FF05 /* AFHTTPClient.m */; settings = {COMPILER_FLAGS = "-fno-objc-arc"; }; };
		62BC112B1740FE8E0083FF05 /* AFHTTPRequestOperation.m in Sources */ = {isa = PBXBuildFile; fileRef = 62BC110A1740FE8E0083FF05 /* AFHTTPRequestOperation.m */; settings = {COMPILER_FLAGS = "-fno-objc-arc"; }; };
		62BC112C1740FE8E0083FF05 /* AFImageRequestOperation.m in Sources */ = {isa = PBXBuildFile; fileRef = 62BC110C1740FE8E0083FF05 /* AFImageRequestOperation.m */; settings = {COMPILER_FLAGS = "-fno-objc-arc"; }; };
		62BC112D1740FE8E0083FF05 /* AFJSONRequestOperation.m in Sources */ = {isa = PBXBuildFile; fileRef = 62BC110E1740FE8E0083FF05 /* AFJSONRequestOperation.m */; settings = {COMPILER_FLAGS = "-fno-objc-arc"; }; };
		62BC112E1740FE8E0083FF05 /* AFJSONUtilities.m in Sources */ = {isa = PBXBuildFile; fileRef = 62BC11101740FE8E0083FF05 /* AFJSONUtilities.m */; settings = {COMPILER_FLAGS = "-fno-objc-arc"; }; };
		62BC112F1740FE8E0083FF05 /* AFNetworkActivityIndicatorManager.m in Sources */ = {isa = PBXBuildFile; fileRef = 62BC11121740FE8E0083FF05 /* AFNetworkActivityIndicatorManager.m */; settings = {COMPILER_FLAGS = "-fno-objc-arc"; }; };
		62BC11301740FE8E0083FF05 /* AFPropertyListRequestOperation.m in Sources */ = {isa = PBXBuildFile; fileRef = 62BC11151740FE8E0083FF05 /* AFPropertyListRequestOperation.m */; settings = {COMPILER_FLAGS = "-fno-objc-arc"; }; };
		62BC11311740FE8E0083FF05 /* AFURLConnectionOperation.m in Sources */ = {isa = PBXBuildFile; fileRef = 62BC11171740FE8E0083FF05 /* AFURLConnectionOperation.m */; settings = {COMPILER_FLAGS = "-fno-objc-arc"; }; };
		62BC11321740FE8E0083FF05 /* AFXMLRequestOperation.m in Sources */ = {isa = PBXBuildFile; fileRef = 62BC11191740FE8E0083FF05 /* AFXMLRequestOperation.m */; settings = {COMPILER_FLAGS = "-fno-objc-arc"; }; };
		62BC11331740FE8E0083FF05 /* UIImageView+AFNetworking.m in Sources */ = {isa = PBXBuildFile; fileRef = 62BC111B1740FE8E0083FF05 /* UIImageView+AFNetworking.m */; settings = {COMPILER_FLAGS = "-fno-objc-arc"; }; };
		62BC11341740FE8E0083FF05 /* AppDelegate.m in Sources */ = {isa = PBXBuildFile; fileRef = 62BC111D1740FE8E0083FF05 /* AppDelegate.m */; };
		62BC11371740FE8E0083FF05 /* ic_launcher.png in Resources */ = {isa = PBXBuildFile; fileRef = 62BC11241740FE8E0083FF05 /* ic_launcher.png */; };
		62BC11391740FE8E0083FF05 /* main.m in Sources */ = {isa = PBXBuildFile; fileRef = 62BC11271740FE8E0083FF05 /* main.m */; };
		62BD45E01741016200E73895 /* ViewController.xib in Resources */ = {isa = PBXBuildFile; fileRef = 62BD45DF1741016200E73895 /* ViewController.xib */; };
		62BD45EB174120E100E73895 /* ViewMarketMap.m in Sources */ = {isa = PBXBuildFile; fileRef = 62BD45EA174120E100E73895 /* ViewMarketMap.m */; };
		62BD45EE1741220E00E73895 /* CoreLocation.framework in Frameworks */ = {isa = PBXBuildFile; fileRef = 62BD45ED1741220E00E73895 /* CoreLocation.framework */; };
		62BD45F11741240E00E73895 /* MarketPlace.m in Sources */ = {isa = PBXBuildFile; fileRef = 62BD45F01741240E00E73895 /* MarketPlace.m */; };
		62BD45F61741249500E73895 /* MapKit.framework in Frameworks */ = {isa = PBXBuildFile; fileRef = 62BD45F51741249500E73895 /* MapKit.framework */; };
		62FA971E1741309400ECD7E0 /* Utilities.m in Sources */ = {isa = PBXBuildFile; fileRef = 62FA971D1741309400ECD7E0 /* Utilities.m */; };
		8382D681155AE229001541B2 /* UIKit.framework in Frameworks */ = {isa = PBXBuildFile; fileRef = 8382D680155AE229001541B2 /* UIKit.framework */; };
		8382D683155AE229001541B2 /* Foundation.framework in Frameworks */ = {isa = PBXBuildFile; fileRef = 8382D682155AE229001541B2 /* Foundation.framework */; };
		8382D685155AE229001541B2 /* CoreGraphics.framework in Frameworks */ = {isa = PBXBuildFile; fileRef = 8382D684155AE229001541B2 /* CoreGraphics.framework */; };
		A7198F931761146E0004617E /* action_all_114x114.png in Resources */ = {isa = PBXBuildFile; fileRef = A7198F921761146E0004617E /* action_all_114x114.png */; };
		A72D7E3820C0866B00D8017C /* RecipeBookViewControllerTableViewController.m in Sources */ = {isa = PBXBuildFile; fileRef = A72D7E3720C0866B00D8017C /* RecipeBookViewControllerTableViewController.m */; };
		A73399AF18A2177F009CEA03 /* App_icon_120x120.png in Resources */ = {isa = PBXBuildFile; fileRef = A73399AE18A2177F009CEA03 /* App_icon_120x120.png */; };
		A73AEB95189DB1D100196695 /* menuNavi7.xib in Resources */ = {isa = PBXBuildFile; fileRef = A73AEB94189DB1D100196695 /* menuNavi7.xib */; };
		A745266418A74CBA0003D4A9 /* OpretMarkedViewController.m in Sources */ = {isa = PBXBuildFile; fileRef = A745266318A74CBA0003D4A9 /* OpretMarkedViewController.m */; };
		A745266618A755000003D4A9 /* CreateMarkedXIB.xib in Resources */ = {isa = PBXBuildFile; fileRef = A745266518A755000003D4A9 /* CreateMarkedXIB.xib */; };
		A745266818A778A20003D4A9 /* ConfirmCreateMarkedXIB.xib in Resources */ = {isa = PBXBuildFile; fileRef = A745266718A778A20003D4A9 /* ConfirmCreateMarkedXIB.xib */; };
		A745266B18A779180003D4A9 /* ConfirmCreateMarkedViewController.m in Sources */ = {isa = PBXBuildFile; fileRef = A745266A18A779180003D4A9 /* ConfirmCreateMarkedViewController.m */; };
		A745266D18A785E80003D4A9 /* LastStepCreateMarkedXIB.xib in Resources */ = {isa = PBXBuildFile; fileRef = A745266C18A785E80003D4A9 /* LastStepCreateMarkedXIB.xib */; };
		A745267018A7881C0003D4A9 /* LastStepCreateMarkedViewController.m in Sources */ = {isa = PBXBuildFile; fileRef = A745266F18A7881C0003D4A9 /* LastStepCreateMarkedViewController.m */; };
		A75E09A21D657428003280B2 /* FBSDKCoreKit.framework in Frameworks */ = {isa = PBXBuildFile; fileRef = A75E09A11D657428003280B2 /* FBSDKCoreKit.framework */; };
		A75E09A41D65745E003280B2 /* FBSDKLoginKit.framework in Frameworks */ = {isa = PBXBuildFile; fileRef = A75E09A31D65745E003280B2 /* FBSDKLoginKit.framework */; };
		A75E09A61D65749C003280B2 /* FBSDKShareKit.framework in Frameworks */ = {isa = PBXBuildFile; fileRef = A75E09A51D65749C003280B2 /* FBSDKShareKit.framework */; };
		A75FB33720BC9FEE005E7960 /* MainStoryboard.storyboard in Resources */ = {isa = PBXBuildFile; fileRef = A75FB33620BC9FEE005E7960 /* MainStoryboard.storyboard */; };
		A7AF3345209CE8590000AAC7 /* Assets.xcassets in Resources */ = {isa = PBXBuildFile; fileRef = A7AF3344209CE8590000AAC7 /* Assets.xcassets */; };
		A7AF9ADA18D78C940066B4B2 /* ic_opret_marked.png in Resources */ = {isa = PBXBuildFile; fileRef = A7AF9AD918D78C940066B4B2 /* ic_opret_marked.png */; };
		A7AF9ADE18D792230066B4B2 /* information.png in Resources */ = {isa = PBXBuildFile; fileRef = A7AF9ADD18D792230066B4B2 /* information.png */; };
		A7D6CA9D1D55B43800284768 /* Bolts.framework in Frameworks */ = {isa = PBXBuildFile; fileRef = A7D6CA9C1D55B43800284768 /* Bolts.framework */; };
		A7D88130175A83AB00CC363A /* App_icon_57x57.png in Resources */ = {isa = PBXBuildFile; fileRef = A7D8812F175A83AB00CC363A /* App_icon_57x57.png */; };
		A7D974F820C08FD3003A88EA /* ViewController.m in Sources */ = {isa = PBXBuildFile; fileRef = A7D974F720C08FD3003A88EA /* ViewController.m */; };
		A7D974FB20C0922A003A88EA /* MainMenuViewController.m in Sources */ = {isa = PBXBuildFile; fileRef = A7D974FA20C0922A003A88EA /* MainMenuViewController.m */; };
/* End PBXBuildFile section */

/* Begin PBXFileReference section */
		0B5E12271748120200BBD2F6 /* AboutLoppeMarked.xib */ = {isa = PBXFileReference; fileEncoding = 4; lastKnownFileType = file.xib; name = AboutLoppeMarked.xib; path = Loppemarkeder/AboutLoppeMarked.xib; sourceTree = SOURCE_ROOT; };
		0B5E1229174813E900BBD2F6 /* AboutLoppeMarkedViewController.h */ = {isa = PBXFileReference; fileEncoding = 4; lastKnownFileType = sourcecode.c.h; name = AboutLoppeMarkedViewController.h; path = Loppemarkeder/AboutLoppeMarkedViewController.h; sourceTree = SOURCE_ROOT; };
		0B5E122A174813E900BBD2F6 /* AboutLoppeMarkedViewController.m */ = {isa = PBXFileReference; fileEncoding = 4; lastKnownFileType = sourcecode.c.objc; name = AboutLoppeMarkedViewController.m; path = Loppemarkeder/AboutLoppeMarkedViewController.m; sourceTree = SOURCE_ROOT; };
		0B5E122C174818B800BBD2F6 /* AboutApp.xib */ = {isa = PBXFileReference; fileEncoding = 4; lastKnownFileType = file.xib; name = AboutApp.xib; path = Loppemarkeder/AboutApp.xib; sourceTree = SOURCE_ROOT; };
		0B5E122E1748199900BBD2F6 /* AboutAppViewController.h */ = {isa = PBXFileReference; fileEncoding = 4; lastKnownFileType = sourcecode.c.h; name = AboutAppViewController.h; path = Loppemarkeder/AboutAppViewController.h; sourceTree = SOURCE_ROOT; };
		0B5E122F1748199900BBD2F6 /* AboutAppViewController.m */ = {isa = PBXFileReference; fileEncoding = 4; lastKnownFileType = sourcecode.c.objc; name = AboutAppViewController.m; path = Loppemarkeder/AboutAppViewController.m; sourceTree = SOURCE_ROOT; };
		0B9EF29F175374450021D414 /* btn.png */ = {isa = PBXFileReference; lastKnownFileType = image.png; path = btn.png; sourceTree = "<group>"; };
		0B9EF2A0175374450021D414 /* btn@2x.png */ = {isa = PBXFileReference; lastKnownFileType = image.png; path = "btn@2x.png"; sourceTree = "<group>"; };
		0BF43E57174FFCC60099A343 /* Default-568h@2x.png */ = {isa = PBXFileReference; lastKnownFileType = image.png; name = "Default-568h@2x.png"; path = "Loppemarkeder/Default-568h@2x.png"; sourceTree = SOURCE_ROOT; };
		0BF43E58174FFCC60099A343 /* menuNavi.xib */ = {isa = PBXFileReference; fileEncoding = 4; lastKnownFileType = file.xib; name = menuNavi.xib; path = Loppemarkeder/menuNavi.xib; sourceTree = SOURCE_ROOT; };
		624D910B1742469500044005 /* AppDataCache.h */ = {isa = PBXFileReference; fileEncoding = 4; lastKnownFileType = sourcecode.c.h; name = AppDataCache.h; path = Loppemarkeder/AppDataCache.h; sourceTree = SOURCE_ROOT; };
		624D910C1742469500044005 /* AppDataCache.m */ = {isa = PBXFileReference; fileEncoding = 4; lastKnownFileType = sourcecode.c.objc; name = AppDataCache.m; path = Loppemarkeder/AppDataCache.m; sourceTree = SOURCE_ROOT; };
		624D910F17427D0B00044005 /* DetailViewController.h */ = {isa = PBXFileReference; fileEncoding = 4; lastKnownFileType = sourcecode.c.h; name = DetailViewController.h; path = Loppemarkeder/DetailViewController.h; sourceTree = SOURCE_ROOT; };
		624D911017427D0B00044005 /* DetailViewController.m */ = {isa = PBXFileReference; fileEncoding = 4; lastKnownFileType = sourcecode.c.objc; name = DetailViewController.m; path = Loppemarkeder/DetailViewController.m; sourceTree = SOURCE_ROOT; };
		624D911417427E1B00044005 /* CustomAnnotationView.h */ = {isa = PBXFileReference; fileEncoding = 4; lastKnownFileType = sourcecode.c.h; name = CustomAnnotationView.h; path = Loppemarkeder/CustomAnnotationView.h; sourceTree = SOURCE_ROOT; };
		624D911517427E1B00044005 /* CustomAnnotationView.m */ = {isa = PBXFileReference; fileEncoding = 4; lastKnownFileType = sourcecode.c.objc; name = CustomAnnotationView.m; path = Loppemarkeder/CustomAnnotationView.m; sourceTree = SOURCE_ROOT; };
		624D911617427E1C00044005 /* CustomMapItem.h */ = {isa = PBXFileReference; fileEncoding = 4; lastKnownFileType = sourcecode.c.h; name = CustomMapItem.h; path = Loppemarkeder/CustomMapItem.h; sourceTree = SOURCE_ROOT; };
		624D911717427E1C00044005 /* CustomMapItem.m */ = {isa = PBXFileReference; fileEncoding = 4; lastKnownFileType = sourcecode.c.objc; name = CustomMapItem.m; path = Loppemarkeder/CustomMapItem.m; sourceTree = SOURCE_ROOT; };
		624D911E17427E8300044005 /* DetailViewController.xib */ = {isa = PBXFileReference; fileEncoding = 4; lastKnownFileType = file.xib; name = DetailViewController.xib; path = Loppemarkeder/DetailViewController.xib; sourceTree = SOURCE_ROOT; };
		624D911F17427E8300044005 /* MapViewController.xib */ = {isa = PBXFileReference; fileEncoding = 4; lastKnownFileType = file.xib; name = MapViewController.xib; path = Loppemarkeder/MapViewController.xib; sourceTree = SOURCE_ROOT; };
		624D916A1742C3E300044005 /* ic_i_naerheden.png */ = {isa = PBXFileReference; lastKnownFileType = image.png; path = ic_i_naerheden.png; sourceTree = "<group>"; };
		624D916B1742C3E300044005 /* ic_liste.png */ = {isa = PBXFileReference; lastKnownFileType = image.png; path = ic_liste.png; sourceTree = "<group>"; };
		624D916C1742C3E300044005 /* ic_om_app.png */ = {isa = PBXFileReference; lastKnownFileType = image.png; path = ic_om_app.png; sourceTree = "<group>"; };
		624D916D1742C3E300044005 /* ic_om_markeder.png */ = {isa = PBXFileReference; lastKnownFileType = image.png; path = ic_om_markeder.png; sourceTree = "<group>"; };
		624D91721742C56300044005 /* MenuNavigationViewController.h */ = {isa = PBXFileReference; fileEncoding = 4; lastKnownFileType = sourcecode.c.h; name = MenuNavigationViewController.h; path = Loppemarkeder/MenuNavigationViewController.h; sourceTree = SOURCE_ROOT; };
		624D91731742C56400044005 /* MenuNavigationViewController.m */ = {isa = PBXFileReference; fileEncoding = 4; lastKnownFileType = sourcecode.c.objc; name = MenuNavigationViewController.m; path = Loppemarkeder/MenuNavigationViewController.m; sourceTree = SOURCE_ROOT; };
		62BC11071740FE8E0083FF05 /* AFHTTPClient.h */ = {isa = PBXFileReference; fileEncoding = 4; lastKnownFileType = sourcecode.c.h; path = AFHTTPClient.h; sourceTree = "<group>"; };
		62BC11081740FE8E0083FF05 /* AFHTTPClient.m */ = {isa = PBXFileReference; fileEncoding = 4; lastKnownFileType = sourcecode.c.objc; path = AFHTTPClient.m; sourceTree = "<group>"; };
		62BC11091740FE8E0083FF05 /* AFHTTPRequestOperation.h */ = {isa = PBXFileReference; fileEncoding = 4; lastKnownFileType = sourcecode.c.h; path = AFHTTPRequestOperation.h; sourceTree = "<group>"; };
		62BC110A1740FE8E0083FF05 /* AFHTTPRequestOperation.m */ = {isa = PBXFileReference; fileEncoding = 4; lastKnownFileType = sourcecode.c.objc; path = AFHTTPRequestOperation.m; sourceTree = "<group>"; };
		62BC110B1740FE8E0083FF05 /* AFImageRequestOperation.h */ = {isa = PBXFileReference; fileEncoding = 4; lastKnownFileType = sourcecode.c.h; path = AFImageRequestOperation.h; sourceTree = "<group>"; };
		62BC110C1740FE8E0083FF05 /* AFImageRequestOperation.m */ = {isa = PBXFileReference; fileEncoding = 4; lastKnownFileType = sourcecode.c.objc; path = AFImageRequestOperation.m; sourceTree = "<group>"; };
		62BC110D1740FE8E0083FF05 /* AFJSONRequestOperation.h */ = {isa = PBXFileReference; fileEncoding = 4; lastKnownFileType = sourcecode.c.h; path = AFJSONRequestOperation.h; sourceTree = "<group>"; };
		62BC110E1740FE8E0083FF05 /* AFJSONRequestOperation.m */ = {isa = PBXFileReference; fileEncoding = 4; lastKnownFileType = sourcecode.c.objc; path = AFJSONRequestOperation.m; sourceTree = "<group>"; };
		62BC110F1740FE8E0083FF05 /* AFJSONUtilities.h */ = {isa = PBXFileReference; fileEncoding = 4; lastKnownFileType = sourcecode.c.h; path = AFJSONUtilities.h; sourceTree = "<group>"; };
		62BC11101740FE8E0083FF05 /* AFJSONUtilities.m */ = {isa = PBXFileReference; fileEncoding = 4; lastKnownFileType = sourcecode.c.objc; path = AFJSONUtilities.m; sourceTree = "<group>"; };
		62BC11111740FE8E0083FF05 /* AFNetworkActivityIndicatorManager.h */ = {isa = PBXFileReference; fileEncoding = 4; lastKnownFileType = sourcecode.c.h; path = AFNetworkActivityIndicatorManager.h; sourceTree = "<group>"; };
		62BC11121740FE8E0083FF05 /* AFNetworkActivityIndicatorManager.m */ = {isa = PBXFileReference; fileEncoding = 4; lastKnownFileType = sourcecode.c.objc; path = AFNetworkActivityIndicatorManager.m; sourceTree = "<group>"; };
		62BC11131740FE8E0083FF05 /* AFNetworking.h */ = {isa = PBXFileReference; fileEncoding = 4; lastKnownFileType = sourcecode.c.h; path = AFNetworking.h; sourceTree = "<group>"; };
		62BC11141740FE8E0083FF05 /* AFPropertyListRequestOperation.h */ = {isa = PBXFileReference; fileEncoding = 4; lastKnownFileType = sourcecode.c.h; path = AFPropertyListRequestOperation.h; sourceTree = "<group>"; };
		62BC11151740FE8E0083FF05 /* AFPropertyListRequestOperation.m */ = {isa = PBXFileReference; fileEncoding = 4; lastKnownFileType = sourcecode.c.objc; path = AFPropertyListRequestOperation.m; sourceTree = "<group>"; };
		62BC11161740FE8E0083FF05 /* AFURLConnectionOperation.h */ = {isa = PBXFileReference; fileEncoding = 4; lastKnownFileType = sourcecode.c.h; path = AFURLConnectionOperation.h; sourceTree = "<group>"; };
		62BC11171740FE8E0083FF05 /* AFURLConnectionOperation.m */ = {isa = PBXFileReference; fileEncoding = 4; lastKnownFileType = sourcecode.c.objc; path = AFURLConnectionOperation.m; sourceTree = "<group>"; };
		62BC11181740FE8E0083FF05 /* AFXMLRequestOperation.h */ = {isa = PBXFileReference; fileEncoding = 4; lastKnownFileType = sourcecode.c.h; path = AFXMLRequestOperation.h; sourceTree = "<group>"; };
		62BC11191740FE8E0083FF05 /* AFXMLRequestOperation.m */ = {isa = PBXFileReference; fileEncoding = 4; lastKnownFileType = sourcecode.c.objc; path = AFXMLRequestOperation.m; sourceTree = "<group>"; };
		62BC111A1740FE8E0083FF05 /* UIImageView+AFNetworking.h */ = {isa = PBXFileReference; fileEncoding = 4; lastKnownFileType = sourcecode.c.h; path = "UIImageView+AFNetworking.h"; sourceTree = "<group>"; };
		62BC111B1740FE8E0083FF05 /* UIImageView+AFNetworking.m */ = {isa = PBXFileReference; fileEncoding = 4; lastKnownFileType = sourcecode.c.objc; path = "UIImageView+AFNetworking.m"; sourceTree = "<group>"; };
		62BC111C1740FE8E0083FF05 /* AppDelegate.h */ = {isa = PBXFileReference; fileEncoding = 4; lastKnownFileType = sourcecode.c.h; name = AppDelegate.h; path = Loppemarkeder/AppDelegate.h; sourceTree = SOURCE_ROOT; };
		62BC111D1740FE8E0083FF05 /* AppDelegate.m */ = {isa = PBXFileReference; fileEncoding = 4; lastKnownFileType = sourcecode.c.objc; name = AppDelegate.m; path = Loppemarkeder/AppDelegate.m; sourceTree = SOURCE_ROOT; };
		62BC11201740FE8E0083FF05 /* en */ = {isa = PBXFileReference; lastKnownFileType = text.plist.strings; name = en; path = InfoPlist.strings; sourceTree = "<group>"; };
		62BC11241740FE8E0083FF05 /* ic_launcher.png */ = {isa = PBXFileReference; lastKnownFileType = image.png; path = ic_launcher.png; sourceTree = "<group>"; };
		62BC11251740FE8E0083FF05 /* Loppemarkeder-Prefix.pch */ = {isa = PBXFileReference; fileEncoding = 4; lastKnownFileType = sourcecode.c.h; name = "Loppemarkeder-Prefix.pch"; path = "Loppemarkeder/Loppemarkeder-Prefix.pch"; sourceTree = SOURCE_ROOT; };
		62BC11261740FE8E0083FF05 /* Loppemarkeder.plist */ = {isa = PBXFileReference; fileEncoding = 4; lastKnownFileType = text.plist.xml; name = Loppemarkeder.plist; path = Loppemarkeder/Loppemarkeder.plist; sourceTree = SOURCE_ROOT; };
		62BC11271740FE8E0083FF05 /* main.m */ = {isa = PBXFileReference; fileEncoding = 4; lastKnownFileType = sourcecode.c.objc; name = main.m; path = Loppemarkeder/main.m; sourceTree = SOURCE_ROOT; };
		62BD45DF1741016200E73895 /* ViewController.xib */ = {isa = PBXFileReference; fileEncoding = 4; lastKnownFileType = file.xib; name = ViewController.xib; path = Loppemarkeder/ViewController.xib; sourceTree = SOURCE_ROOT; };
		62BD45E9174120E100E73895 /* ViewMarketMap.h */ = {isa = PBXFileReference; fileEncoding = 4; lastKnownFileType = sourcecode.c.h; name = ViewMarketMap.h; path = Loppemarkeder/ViewMarketMap.h; sourceTree = SOURCE_ROOT; };
		62BD45EA174120E100E73895 /* ViewMarketMap.m */ = {isa = PBXFileReference; fileEncoding = 4; lastKnownFileType = sourcecode.c.objc; name = ViewMarketMap.m; path = Loppemarkeder/ViewMarketMap.m; sourceTree = SOURCE_ROOT; };
		62BD45ED1741220E00E73895 /* CoreLocation.framework */ = {isa = PBXFileReference; lastKnownFileType = wrapper.framework; name = CoreLocation.framework; path = System/Library/Frameworks/CoreLocation.framework; sourceTree = SDKROOT; };
		62BD45EF1741240E00E73895 /* MarketPlace.h */ = {isa = PBXFileReference; fileEncoding = 4; lastKnownFileType = sourcecode.c.h; name = MarketPlace.h; path = Loppemarkeder/MarketPlace.h; sourceTree = SOURCE_ROOT; };
		62BD45F01741240E00E73895 /* MarketPlace.m */ = {isa = PBXFileReference; fileEncoding = 4; lastKnownFileType = sourcecode.c.objc; name = MarketPlace.m; path = Loppemarkeder/MarketPlace.m; sourceTree = SOURCE_ROOT; };
		62BD45F51741249500E73895 /* MapKit.framework */ = {isa = PBXFileReference; lastKnownFileType = wrapper.framework; name = MapKit.framework; path = System/Library/Frameworks/MapKit.framework; sourceTree = SDKROOT; };
		62FA971C1741309300ECD7E0 /* Utilities.h */ = {isa = PBXFileReference; fileEncoding = 4; lastKnownFileType = sourcecode.c.h; name = Utilities.h; path = Loppemarkeder/Utilities.h; sourceTree = SOURCE_ROOT; };
		62FA971D1741309400ECD7E0 /* Utilities.m */ = {isa = PBXFileReference; fileEncoding = 4; lastKnownFileType = sourcecode.c.objc; name = Utilities.m; path = Loppemarkeder/Utilities.m; sourceTree = SOURCE_ROOT; };
		8382D67C155AE229001541B2 /* Loppemarkeder.app */ = {isa = PBXFileReference; explicitFileType = wrapper.application; includeInIndex = 0; path = Loppemarkeder.app; sourceTree = BUILT_PRODUCTS_DIR; };
		8382D680155AE229001541B2 /* UIKit.framework */ = {isa = PBXFileReference; lastKnownFileType = wrapper.framework; name = UIKit.framework; path = System/Library/Frameworks/UIKit.framework; sourceTree = SDKROOT; };
		8382D682155AE229001541B2 /* Foundation.framework */ = {isa = PBXFileReference; lastKnownFileType = wrapper.framework; name = Foundation.framework; path = System/Library/Frameworks/Foundation.framework; sourceTree = SDKROOT; };
		8382D684155AE229001541B2 /* CoreGraphics.framework */ = {isa = PBXFileReference; lastKnownFileType = wrapper.framework; name = CoreGraphics.framework; path = System/Library/Frameworks/CoreGraphics.framework; sourceTree = SDKROOT; };
		A7198F921761146E0004617E /* action_all_114x114.png */ = {isa = PBXFileReference; lastKnownFileType = image.png; path = action_all_114x114.png; sourceTree = "<group>"; };
		A72D7E3620C0866B00D8017C /* RecipeBookViewControllerTableViewController.h */ = {isa = PBXFileReference; lastKnownFileType = sourcecode.c.h; name = RecipeBookViewControllerTableViewController.h; path = Loppemarkeder/RecipeBookViewControllerTableViewController.h; sourceTree = SOURCE_ROOT; };
		A72D7E3720C0866B00D8017C /* RecipeBookViewControllerTableViewController.m */ = {isa = PBXFileReference; lastKnownFileType = sourcecode.c.objc; name = RecipeBookViewControllerTableViewController.m; path = Loppemarkeder/RecipeBookViewControllerTableViewController.m; sourceTree = SOURCE_ROOT; };
		A73399AE18A2177F009CEA03 /* App_icon_120x120.png */ = {isa = PBXFileReference; lastKnownFileType = image.png; path = App_icon_120x120.png; sourceTree = "<group>"; };
		A73AEB94189DB1D100196695 /* menuNavi7.xib */ = {isa = PBXFileReference; fileEncoding = 4; lastKnownFileType = file.xib; name = menuNavi7.xib; path = Loppemarkeder/menuNavi7.xib; sourceTree = SOURCE_ROOT; };
		A745266218A74CBA0003D4A9 /* OpretMarkedViewController.h */ = {isa = PBXFileReference; fileEncoding = 4; lastKnownFileType = sourcecode.c.h; path = OpretMarkedViewController.h; sourceTree = SOURCE_ROOT; };
		A745266318A74CBA0003D4A9 /* OpretMarkedViewController.m */ = {isa = PBXFileReference; fileEncoding = 4; lastKnownFileType = sourcecode.c.objc; path = OpretMarkedViewController.m; sourceTree = SOURCE_ROOT; };
		A745266518A755000003D4A9 /* CreateMarkedXIB.xib */ = {isa = PBXFileReference; fileEncoding = 4; lastKnownFileType = file.xib; name = CreateMarkedXIB.xib; path = Loppemarkeder/CreateMarkedXIB.xib; sourceTree = SOURCE_ROOT; };
		A745266718A778A20003D4A9 /* ConfirmCreateMarkedXIB.xib */ = {isa = PBXFileReference; fileEncoding = 4; lastKnownFileType = file.xib; name = ConfirmCreateMarkedXIB.xib; path = Loppemarkeder/ConfirmCreateMarkedXIB.xib; sourceTree = SOURCE_ROOT; };
		A745266918A779180003D4A9 /* ConfirmCreateMarkedViewController.h */ = {isa = PBXFileReference; fileEncoding = 4; lastKnownFileType = sourcecode.c.h; path = ConfirmCreateMarkedViewController.h; sourceTree = SOURCE_ROOT; };
		A745266A18A779180003D4A9 /* ConfirmCreateMarkedViewController.m */ = {isa = PBXFileReference; fileEncoding = 4; lastKnownFileType = sourcecode.c.objc; path = ConfirmCreateMarkedViewController.m; sourceTree = SOURCE_ROOT; };
		A745266C18A785E80003D4A9 /* LastStepCreateMarkedXIB.xib */ = {isa = PBXFileReference; fileEncoding = 4; lastKnownFileType = file.xib; name = LastStepCreateMarkedXIB.xib; path = Loppemarkeder/LastStepCreateMarkedXIB.xib; sourceTree = SOURCE_ROOT; };
		A745266E18A7881C0003D4A9 /* LastStepCreateMarkedViewController.h */ = {isa = PBXFileReference; fileEncoding = 4; lastKnownFileType = sourcecode.c.h; path = LastStepCreateMarkedViewController.h; sourceTree = SOURCE_ROOT; };
		A745266F18A7881C0003D4A9 /* LastStepCreateMarkedViewController.m */ = {isa = PBXFileReference; fileEncoding = 4; lastKnownFileType = sourcecode.c.objc; path = LastStepCreateMarkedViewController.m; sourceTree = SOURCE_ROOT; };
		A75E09A11D657428003280B2 /* FBSDKCoreKit.framework */ = {isa = PBXFileReference; lastKnownFileType = wrapper.framework; path = FBSDKCoreKit.framework; sourceTree = "<group>"; };
		A75E09A31D65745E003280B2 /* FBSDKLoginKit.framework */ = {isa = PBXFileReference; lastKnownFileType = wrapper.framework; path = FBSDKLoginKit.framework; sourceTree = "<group>"; };
		A75E09A51D65749C003280B2 /* FBSDKShareKit.framework */ = {isa = PBXFileReference; lastKnownFileType = wrapper.framework; path = FBSDKShareKit.framework; sourceTree = "<group>"; };
		A75FB33620BC9FEE005E7960 /* MainStoryboard.storyboard */ = {isa = PBXFileReference; lastKnownFileType = file.storyboard; name = MainStoryboard.storyboard; path = Loppemarkeder/MainStoryboard.storyboard; sourceTree = SOURCE_ROOT; };
		A7AF3344209CE8590000AAC7 /* Assets.xcassets */ = {isa = PBXFileReference; lastKnownFileType = folder.assetcatalog; path = Assets.xcassets; sourceTree = "<group>"; };
		A7AF9AD918D78C940066B4B2 /* ic_opret_marked.png */ = {isa = PBXFileReference; lastKnownFileType = image.png; path = ic_opret_marked.png; sourceTree = "<group>"; };
		A7AF9ADD18D792230066B4B2 /* information.png */ = {isa = PBXFileReference; lastKnownFileType = image.png; path = information.png; sourceTree = "<group>"; };
		A7D6CA9C1D55B43800284768 /* Bolts.framework */ = {isa = PBXFileReference; lastKnownFileType = wrapper.framework; path = Bolts.framework; sourceTree = "<group>"; };
		A7D8812F175A83AB00CC363A /* App_icon_57x57.png */ = {isa = PBXFileReference; lastKnownFileType = image.png; path = App_icon_57x57.png; sourceTree = "<group>"; };
		A7D974F620C08FD3003A88EA /* ViewController.h */ = {isa = PBXFileReference; fileEncoding = 4; lastKnownFileType = sourcecode.c.h; name = ViewController.h; path = Loppemarkeder/ViewController.h; sourceTree = SOURCE_ROOT; };
		A7D974F720C08FD3003A88EA /* ViewController.m */ = {isa = PBXFileReference; fileEncoding = 4; lastKnownFileType = sourcecode.c.objc; name = ViewController.m; path = Loppemarkeder/ViewController.m; sourceTree = SOURCE_ROOT; };
		A7D974F920C0922A003A88EA /* MainMenuViewController.h */ = {isa = PBXFileReference; lastKnownFileType = sourcecode.c.h; name = MainMenuViewController.h; path = Loppemarkeder/MainMenuViewController.h; sourceTree = SOURCE_ROOT; };
		A7D974FA20C0922A003A88EA /* MainMenuViewController.m */ = {isa = PBXFileReference; lastKnownFileType = sourcecode.c.objc; name = MainMenuViewController.m; path = Loppemarkeder/MainMenuViewController.m; sourceTree = SOURCE_ROOT; };
/* End PBXFileReference section */

/* Begin PBXFrameworksBuildPhase section */
		8382D679155AE229001541B2 /* Frameworks */ = {
			isa = PBXFrameworksBuildPhase;
			buildActionMask = 2147483647;
			files = (
				62BD45F61741249500E73895 /* MapKit.framework in Frameworks */,
				62BD45EE1741220E00E73895 /* CoreLocation.framework in Frameworks */,
				8382D681155AE229001541B2 /* UIKit.framework in Frameworks */,
				A7D6CA9D1D55B43800284768 /* Bolts.framework in Frameworks */,
				A75E09A21D657428003280B2 /* FBSDKCoreKit.framework in Frameworks */,
				A75E09A61D65749C003280B2 /* FBSDKShareKit.framework in Frameworks */,
				8382D683155AE229001541B2 /* Foundation.framework in Frameworks */,
				A75E09A41D65745E003280B2 /* FBSDKLoginKit.framework in Frameworks */,
				8382D685155AE229001541B2 /* CoreGraphics.framework in Frameworks */,
			);
			runOnlyForDeploymentPostprocessing = 0;
		};
/* End PBXFrameworksBuildPhase section */

/* Begin PBXGroup section */
		624D910E1742509F00044005 /* Model */ = {
			isa = PBXGroup;
			children = (
				62BD45EF1741240E00E73895 /* MarketPlace.h */,
				62BD45F01741240E00E73895 /* MarketPlace.m */,
			);
			name = Model;
			sourceTree = "<group>";
		};
		62BC11061740FE8E0083FF05 /* AFNetworking */ = {
			isa = PBXGroup;
			children = (
				62BC11071740FE8E0083FF05 /* AFHTTPClient.h */,
				62BC11081740FE8E0083FF05 /* AFHTTPClient.m */,
				62BC11091740FE8E0083FF05 /* AFHTTPRequestOperation.h */,
				62BC110A1740FE8E0083FF05 /* AFHTTPRequestOperation.m */,
				62BC110B1740FE8E0083FF05 /* AFImageRequestOperation.h */,
				62BC110C1740FE8E0083FF05 /* AFImageRequestOperation.m */,
				62BC110D1740FE8E0083FF05 /* AFJSONRequestOperation.h */,
				62BC110E1740FE8E0083FF05 /* AFJSONRequestOperation.m */,
				62BC110F1740FE8E0083FF05 /* AFJSONUtilities.h */,
				62BC11101740FE8E0083FF05 /* AFJSONUtilities.m */,
				62BC11111740FE8E0083FF05 /* AFNetworkActivityIndicatorManager.h */,
				62BC11121740FE8E0083FF05 /* AFNetworkActivityIndicatorManager.m */,
				62BC11131740FE8E0083FF05 /* AFNetworking.h */,
				62BC11141740FE8E0083FF05 /* AFPropertyListRequestOperation.h */,
				62BC11151740FE8E0083FF05 /* AFPropertyListRequestOperation.m */,
				62BC11161740FE8E0083FF05 /* AFURLConnectionOperation.h */,
				62BC11171740FE8E0083FF05 /* AFURLConnectionOperation.m */,
				62BC11181740FE8E0083FF05 /* AFXMLRequestOperation.h */,
				62BC11191740FE8E0083FF05 /* AFXMLRequestOperation.m */,
				62BC111A1740FE8E0083FF05 /* UIImageView+AFNetworking.h */,
				62BC111B1740FE8E0083FF05 /* UIImageView+AFNetworking.m */,
			);
			name = AFNetworking;
			path = Loppemarkeder/AFNetworking;
			sourceTree = SOURCE_ROOT;
		};
		62BC111E1740FE8E0083FF05 /* en.lproj */ = {
			isa = PBXGroup;
			children = (
				62BC111F1740FE8E0083FF05 /* InfoPlist.strings */,
			);
			name = en.lproj;
			path = Loppemarkeder/en.lproj;
			sourceTree = SOURCE_ROOT;
		};
		62BC11231740FE8E0083FF05 /* images */ = {
			isa = PBXGroup;
			children = (
				A7AF9ADD18D792230066B4B2 /* information.png */,
				A7AF9AD918D78C940066B4B2 /* ic_opret_marked.png */,
				624D916A1742C3E300044005 /* ic_i_naerheden.png */,
				0BF43E57174FFCC60099A343 /* Default-568h@2x.png */,
				0B9EF29F175374450021D414 /* btn.png */,
				0B9EF2A0175374450021D414 /* btn@2x.png */,
				624D916B1742C3E300044005 /* ic_liste.png */,
				624D916C1742C3E300044005 /* ic_om_app.png */,
				624D916D1742C3E300044005 /* ic_om_markeder.png */,
				62BC11241740FE8E0083FF05 /* ic_launcher.png */,
			);
			name = images;
			path = Loppemarkeder/images;
			sourceTree = SOURCE_ROOT;
		};
		62BD45EC1741215700E73895 /* Xib */ = {
			isa = PBXGroup;
			children = (
				0BF43E58174FFCC60099A343 /* menuNavi.xib */,
				A73AEB94189DB1D100196695 /* menuNavi7.xib */,
				0B5E122C174818B800BBD2F6 /* AboutApp.xib */,
				0B5E12271748120200BBD2F6 /* AboutLoppeMarked.xib */,
				A745266518A755000003D4A9 /* CreateMarkedXIB.xib */,
				A745266718A778A20003D4A9 /* ConfirmCreateMarkedXIB.xib */,
				A745266C18A785E80003D4A9 /* LastStepCreateMarkedXIB.xib */,
				624D911E17427E8300044005 /* DetailViewController.xib */,
				624D911F17427E8300044005 /* MapViewController.xib */,
				62BD45DF1741016200E73895 /* ViewController.xib */,
			);
			name = Xib;
			sourceTree = "<group>";
		};
		62BD45F71741257100E73895 /* Map */ = {
			isa = PBXGroup;
			children = (
				624D911417427E1B00044005 /* CustomAnnotationView.h */,
				624D911517427E1B00044005 /* CustomAnnotationView.m */,
				624D911617427E1C00044005 /* CustomMapItem.h */,
				624D911717427E1C00044005 /* CustomMapItem.m */,
				624D910F17427D0B00044005 /* DetailViewController.h */,
				624D911017427D0B00044005 /* DetailViewController.m */,
				62BD45E9174120E100E73895 /* ViewMarketMap.h */,
				62BD45EA174120E100E73895 /* ViewMarketMap.m */,
			);
			name = Map;
			sourceTree = "<group>";
		};
		8382D671155AE229001541B2 = {
			isa = PBXGroup;
			children = (
				A7AF3344209CE8590000AAC7 /* Assets.xcassets */,
				A7198F921761146E0004617E /* action_all_114x114.png */,
				A73399AE18A2177F009CEA03 /* App_icon_120x120.png */,
				A7D8812F175A83AB00CC363A /* App_icon_57x57.png */,
				62BD45F51741249500E73895 /* MapKit.framework */,
				62BD45ED1741220E00E73895 /* CoreLocation.framework */,
				8382D686155AE229001541B2 /* Loppemarkeder */,
				8382D67F155AE229001541B2 /* Frameworks */,
				8382D67D155AE229001541B2 /* Products */,
			);
			sourceTree = "<group>";
		};
		8382D67D155AE229001541B2 /* Products */ = {
			isa = PBXGroup;
			children = (
				8382D67C155AE229001541B2 /* Loppemarkeder.app */,
			);
			name = Products;
			sourceTree = "<group>";
		};
		8382D67F155AE229001541B2 /* Frameworks */ = {
			isa = PBXGroup;
			children = (
				A75E09A51D65749C003280B2 /* FBSDKShareKit.framework */,
				A75E09A31D65745E003280B2 /* FBSDKLoginKit.framework */,
				A75E09A11D657428003280B2 /* FBSDKCoreKit.framework */,
				A7D6CA9C1D55B43800284768 /* Bolts.framework */,
				8382D680155AE229001541B2 /* UIKit.framework */,
				8382D682155AE229001541B2 /* Foundation.framework */,
				8382D684155AE229001541B2 /* CoreGraphics.framework */,
			);
			name = Frameworks;
			sourceTree = "<group>";
		};
		8382D686155AE229001541B2 /* Loppemarkeder */ = {
			isa = PBXGroup;
			children = (
				A7D974F620C08FD3003A88EA /* ViewController.h */,
				A7D974F720C08FD3003A88EA /* ViewController.m */,
				0B5E122E1748199900BBD2F6 /* AboutAppViewController.h */,
				0B5E122F1748199900BBD2F6 /* AboutAppViewController.m */,
				0B5E1229174813E900BBD2F6 /* AboutLoppeMarkedViewController.h */,
				0B5E122A174813E900BBD2F6 /* AboutLoppeMarkedViewController.m */,
				A745266218A74CBA0003D4A9 /* OpretMarkedViewController.h */,
				A745266318A74CBA0003D4A9 /* OpretMarkedViewController.m */,
				A745266918A779180003D4A9 /* ConfirmCreateMarkedViewController.h */,
				A745266A18A779180003D4A9 /* ConfirmCreateMarkedViewController.m */,
				A745266E18A7881C0003D4A9 /* LastStepCreateMarkedViewController.h */,
				A745266F18A7881C0003D4A9 /* LastStepCreateMarkedViewController.m */,
				62BC11061740FE8E0083FF05 /* AFNetworking */,
				624D910E1742509F00044005 /* Model */,
				62BD45F71741257100E73895 /* Map */,
				624D91721742C56300044005 /* MenuNavigationViewController.h */,
				624D91731742C56400044005 /* MenuNavigationViewController.m */,
				624D910B1742469500044005 /* AppDataCache.h */,
				624D910C1742469500044005 /* AppDataCache.m */,
				62BC111C1740FE8E0083FF05 /* AppDelegate.h */,
				62BC111D1740FE8E0083FF05 /* AppDelegate.m */,
				62FA971C1741309300ECD7E0 /* Utilities.h */,
				62FA971D1741309400ECD7E0 /* Utilities.m */,
				62BD45EC1741215700E73895 /* Xib */,
				62BC11231740FE8E0083FF05 /* images */,
				8382D687155AE229001541B2 /* Supporting Files */,
				A75FB33620BC9FEE005E7960 /* MainStoryboard.storyboard */,
				A72D7E3620C0866B00D8017C /* RecipeBookViewControllerTableViewController.h */,
				A72D7E3720C0866B00D8017C /* RecipeBookViewControllerTableViewController.m */,
				A7D974F920C0922A003A88EA /* MainMenuViewController.h */,
				A7D974FA20C0922A003A88EA /* MainMenuViewController.m */,
			);
			name = Loppemarkeder;
			path = NetworkingIsFun;
			sourceTree = "<group>";
		};
		8382D687155AE229001541B2 /* Supporting Files */ = {
			isa = PBXGroup;
			children = (
				62BC111E1740FE8E0083FF05 /* en.lproj */,
				62BC11251740FE8E0083FF05 /* Loppemarkeder-Prefix.pch */,
				62BC11261740FE8E0083FF05 /* Loppemarkeder.plist */,
				62BC11271740FE8E0083FF05 /* main.m */,
			);
			name = "Supporting Files";
			sourceTree = "<group>";
		};
/* End PBXGroup section */

/* Begin PBXNativeTarget section */
		8382D67B155AE229001541B2 /* Loppemarkeder */ = {
			isa = PBXNativeTarget;
			buildConfigurationList = 8382D69A155AE229001541B2 /* Build configuration list for PBXNativeTarget "Loppemarkeder" */;
			buildPhases = (
				8382D678155AE229001541B2 /* Sources */,
				8382D679155AE229001541B2 /* Frameworks */,
				8382D67A155AE229001541B2 /* Resources */,
			);
			buildRules = (
			);
			dependencies = (
			);
			name = Loppemarkeder;
			productName = NetworkingIsFun;
			productReference = 8382D67C155AE229001541B2 /* Loppemarkeder.app */;
			productType = "com.apple.product-type.application";
		};
/* End PBXNativeTarget section */

/* Begin PBXProject section */
		8382D673155AE229001541B2 /* Project object */ = {
			isa = PBXProject;
			attributes = {
				LastUpgradeCheck = 0430;
				TargetAttributes = {
					8382D67B155AE229001541B2 = {
						DevelopmentTeam = WKZKJFL933;
					};
				};
			};
			buildConfigurationList = 8382D676155AE229001541B2 /* Build configuration list for PBXProject "Loppemarkeder" */;
			compatibilityVersion = "Xcode 3.2";
			developmentRegion = English;
			hasScannedForEncodings = 0;
			knownRegions = (
				en,
			);
			mainGroup = 8382D671155AE229001541B2;
			productRefGroup = 8382D67D155AE229001541B2 /* Products */;
			projectDirPath = "";
			projectRoot = "";
			targets = (
				8382D67B155AE229001541B2 /* Loppemarkeder */,
			);
		};
/* End PBXProject section */

/* Begin PBXResourcesBuildPhase section */
		8382D67A155AE229001541B2 /* Resources */ = {
			isa = PBXResourcesBuildPhase;
			buildActionMask = 2147483647;
			files = (
				A7AF9ADE18D792230066B4B2 /* information.png in Resources */,
				62BC11371740FE8E0083FF05 /* ic_launcher.png in Resources */,
				62BD45E01741016200E73895 /* ViewController.xib in Resources */,
				624D912017427E8300044005 /* DetailViewController.xib in Resources */,
				A73AEB95189DB1D100196695 /* menuNavi7.xib in Resources */,
				624D912117427E8300044005 /* MapViewController.xib in Resources */,
				624D916E1742C3E300044005 /* ic_i_naerheden.png in Resources */,
				624D916F1742C3E300044005 /* ic_liste.png in Resources */,
				624D91701742C3E300044005 /* ic_om_app.png in Resources */,
				624D91711742C3E300044005 /* ic_om_markeder.png in Resources */,
				0B5E12281748120200BBD2F6 /* AboutLoppeMarked.xib in Resources */,
				A75FB33720BC9FEE005E7960 /* MainStoryboard.storyboard in Resources */,
				0B5E122D174818B900BBD2F6 /* AboutApp.xib in Resources */,
				0BF43E59174FFCC60099A343 /* Default-568h@2x.png in Resources */,
				A745266818A778A20003D4A9 /* ConfirmCreateMarkedXIB.xib in Resources */,
				0BF43E5A174FFCC60099A343 /* menuNavi.xib in Resources */,
				A73399AF18A2177F009CEA03 /* App_icon_120x120.png in Resources */,
				0B9EF2A1175374450021D414 /* btn.png in Resources */,
				0B9EF2A2175374450021D414 /* btn@2x.png in Resources */,
				A7D88130175A83AB00CC363A /* App_icon_57x57.png in Resources */,
				A7198F931761146E0004617E /* action_all_114x114.png in Resources */,
				A745266D18A785E80003D4A9 /* LastStepCreateMarkedXIB.xib in Resources */,
				A7AF9ADA18D78C940066B4B2 /* ic_opret_marked.png in Resources */,
				A7AF3345209CE8590000AAC7 /* Assets.xcassets in Resources */,
				A745266618A755000003D4A9 /* CreateMarkedXIB.xib in Resources */,
			);
			runOnlyForDeploymentPostprocessing = 0;
		};
/* End PBXResourcesBuildPhase section */

/* Begin PBXSourcesBuildPhase section */
		8382D678155AE229001541B2 /* Sources */ = {
			isa = PBXSourcesBuildPhase;
			buildActionMask = 2147483647;
			files = (
				62BC112A1740FE8E0083FF05 /* AFHTTPClient.m in Sources */,
				62BC112B1740FE8E0083FF05 /* AFHTTPRequestOperation.m in Sources */,
				62BC112C1740FE8E0083FF05 /* AFImageRequestOperation.m in Sources */,
				62BC112D1740FE8E0083FF05 /* AFJSONRequestOperation.m in Sources */,
				62BC112E1740FE8E0083FF05 /* AFJSONUtilities.m in Sources */,
				A72D7E3820C0866B00D8017C /* RecipeBookViewControllerTableViewController.m in Sources */,
				62BC112F1740FE8E0083FF05 /* AFNetworkActivityIndicatorManager.m in Sources */,
				62BC11301740FE8E0083FF05 /* AFPropertyListRequestOperation.m in Sources */,
				62BC11311740FE8E0083FF05 /* AFURLConnectionOperation.m in Sources */,
				A7D974F820C08FD3003A88EA /* ViewController.m in Sources */,
				62BC11321740FE8E0083FF05 /* AFXMLRequestOperation.m in Sources */,
				62BC11331740FE8E0083FF05 /* UIImageView+AFNetworking.m in Sources */,
				A745267018A7881C0003D4A9 /* LastStepCreateMarkedViewController.m in Sources */,
				62BC11341740FE8E0083FF05 /* AppDelegate.m in Sources */,
				A745266418A74CBA0003D4A9 /* OpretMarkedViewController.m in Sources */,
				62BC11391740FE8E0083FF05 /* main.m in Sources */,
				62BD45EB174120E100E73895 /* ViewMarketMap.m in Sources */,
				62BD45F11741240E00E73895 /* MarketPlace.m in Sources */,
				62FA971E1741309400ECD7E0 /* Utilities.m in Sources */,
				624D910D1742469500044005 /* AppDataCache.m in Sources */,
				A7D974FB20C0922A003A88EA /* MainMenuViewController.m in Sources */,
				624D911117427D0B00044005 /* DetailViewController.m in Sources */,
				624D911917427E1C00044005 /* CustomAnnotationView.m in Sources */,
				624D911A17427E1C00044005 /* CustomMapItem.m in Sources */,
				624D91741742C56500044005 /* MenuNavigationViewController.m in Sources */,
				0B5E122B174813E900BBD2F6 /* AboutLoppeMarkedViewController.m in Sources */,
				A745266B18A779180003D4A9 /* ConfirmCreateMarkedViewController.m in Sources */,
				0B5E12301748199900BBD2F6 /* AboutAppViewController.m in Sources */,
			);
			runOnlyForDeploymentPostprocessing = 0;
		};
/* End PBXSourcesBuildPhase section */

/* Begin PBXVariantGroup section */
		62BC111F1740FE8E0083FF05 /* InfoPlist.strings */ = {
			isa = PBXVariantGroup;
			children = (
				62BC11201740FE8E0083FF05 /* en */,
			);
			name = InfoPlist.strings;
			sourceTree = "<group>";
		};
/* End PBXVariantGroup section */

/* Begin XCBuildConfiguration section */
		8382D698155AE229001541B2 /* Debug */ = {
			isa = XCBuildConfiguration;
			buildSettings = {
				ALWAYS_SEARCH_USER_PATHS = NO;
				ARCHS = "$(ARCHS_STANDARD_32_BIT)";
				CLANG_ENABLE_OBJC_ARC = YES;
				CODE_SIGN_IDENTITY = "iPhone Distribution: Kasper Odgaard (WKZKJFL933)";
				"CODE_SIGN_IDENTITY[sdk=iphoneos*]" = "iPhone Developer";
				COPY_PHASE_STRIP = NO;
				GCC_C_LANGUAGE_STANDARD = gnu99;
				GCC_DYNAMIC_NO_PIC = NO;
				GCC_OPTIMIZATION_LEVEL = 0;
				GCC_PREPROCESSOR_DEFINITIONS = (
					"DEBUG=1",
					"$(inherited)",
				);
				GCC_SYMBOLS_PRIVATE_EXTERN = NO;
				GCC_VERSION = com.apple.compilers.llvm.clang.1_0;
				GCC_WARN_ABOUT_RETURN_TYPE = YES;
				GCC_WARN_UNINITIALIZED_AUTOS = YES;
				GCC_WARN_UNUSED_VARIABLE = YES;
				IPHONEOS_DEPLOYMENT_TARGET = 10.0;
				PROVISIONING_PROFILE = "DBA58788-473F-4921-867D-8BE03E7E1995";
				SDKROOT = iphoneos;
			};
			name = Debug;
		};
		8382D699155AE229001541B2 /* Release */ = {
			isa = XCBuildConfiguration;
			buildSettings = {
				ALWAYS_SEARCH_USER_PATHS = NO;
				ARCHS = "$(ARCHS_STANDARD_32_BIT)";
				CLANG_ENABLE_OBJC_ARC = YES;
				CODE_SIGN_IDENTITY = "iPhone Distribution: Kasper Odgaard (WKZKJFL933)";
				"CODE_SIGN_IDENTITY[sdk=iphoneos*]" = "iPhone Developer";
				COPY_PHASE_STRIP = YES;
				GCC_C_LANGUAGE_STANDARD = gnu99;
				GCC_VERSION = com.apple.compilers.llvm.clang.1_0;
				GCC_WARN_ABOUT_RETURN_TYPE = YES;
				GCC_WARN_UNINITIALIZED_AUTOS = YES;
				GCC_WARN_UNUSED_VARIABLE = YES;
				IPHONEOS_DEPLOYMENT_TARGET = 10.0;
				OTHER_CFLAGS = "-DNS_BLOCK_ASSERTIONS=1";
				PROVISIONING_PROFILE = "DBA58788-473F-4921-867D-8BE03E7E1995";
				SDKROOT = iphoneos;
				VALIDATE_PRODUCT = YES;
			};
			name = Release;
		};
		8382D69B155AE229001541B2 /* Debug */ = {
			isa = XCBuildConfiguration;
			buildSettings = {
				ARCHS = "$(ARCHS_STANDARD)";
				ASSETCATALOG_COMPILER_APPICON_NAME = AppIcon;
				CODE_SIGN_IDENTITY = "iPhone Developer";
				"CODE_SIGN_IDENTITY[sdk=iphoneos*]" = "iPhone Developer";
				FRAMEWORK_SEARCH_PATHS = (
					"$(inherited)",
					"$(PROJECT_DIR)",
				);
				GCC_PRECOMPILE_PREFIX_HEADER = YES;
				GCC_PREFIX_HEADER = "Loppemarkeder/Loppemarkeder-Prefix.pch";
				INFOPLIST_FILE = Loppemarkeder/Loppemarkeder.plist;
				IPHONEOS_DEPLOYMENT_TARGET = 10.0;
				PRODUCT_NAME = Loppemarkeder;
				PROVISIONING_PROFILE = "";
				WRAPPER_EXTENSION = app;
			};
			name = Debug;
		};
		8382D69C155AE229001541B2 /* Release */ = {
			isa = XCBuildConfiguration;
			buildSettings = {
				ARCHS = "$(ARCHS_STANDARD)";
				ASSETCATALOG_COMPILER_APPICON_NAME = AppIcon;
				CODE_SIGN_IDENTITY = "iPhone Developer";
				"CODE_SIGN_IDENTITY[sdk=iphoneos*]" = "iPhone Developer";
				FRAMEWORK_SEARCH_PATHS = (
					"$(inherited)",
					"$(PROJECT_DIR)",
				);
				GCC_PRECOMPILE_PREFIX_HEADER = YES;
				GCC_PREFIX_HEADER = "Loppemarkeder/Loppemarkeder-Prefix.pch";
				INFOPLIST_FILE = Loppemarkeder/Loppemarkeder.plist;
				IPHONEOS_DEPLOYMENT_TARGET = 10.0;
				PRODUCT_NAME = Loppemarkeder;
				PROVISIONING_PROFILE = "";
				WRAPPER_EXTENSION = app;
			};
			name = Release;
		};
/* End XCBuildConfiguration section */

/* Begin XCConfigurationList section */
		8382D676155AE229001541B2 /* Build configuration list for PBXProject "Loppemarkeder" */ = {
			isa = XCConfigurationList;
			buildConfigurations = (
				8382D698155AE229001541B2 /* Debug */,
				8382D699155AE229001541B2 /* Release */,
			);
			defaultConfigurationIsVisible = 0;
			defaultConfigurationName = Release;
		};
		8382D69A155AE229001541B2 /* Build configuration list for PBXNativeTarget "Loppemarkeder" */ = {
			isa = XCConfigurationList;
			buildConfigurations = (
				8382D69B155AE229001541B2 /* Debug */,
				8382D69C155AE229001541B2 /* Release */,
			);
			defaultConfigurationIsVisible = 0;
			defaultConfigurationName = Release;
		};
/* End XCConfigurationList section */
	};
	rootObject = 8382D673155AE229001541B2 /* Project object */;
}
